<?xml version="1.0" encoding="utf-8"?>
<Project ToolsVersion="4.0" xmlns="http://schemas.microsoft.com/developer/msbuild/2003">
  <ItemGroup>
    <Filter Include="Resource Files">
      <UniqueIdentifier>{67DA6AB6-F800-4c08-8B7A-83BB121AAD01}</UniqueIdentifier>
      <Extensions>rc;ico;cur;bmp;dlg;rc2;rct;bin;rgs;gif;jpg;jpeg;jpe;resx;tiff;tif;png;wav;mfcribbon-ms</Extensions>
    </Filter>
  </ItemGroup>
  <ItemGroup>
    <FxCompile Include="GlowEffect.fx" />
    <FxCompile Include="MotionBlurEffect.fx" />
    <FxCompile Include="MultiTexturePresenter.fx" />
    <FxCompile Include="Water.fx" />
    <FxCompile Include="NormalGenerator.fx" />
    <FxCompile Include="ShoalRender.hlsl" />
    <FxCompile Include="ShoalSimulate.hlsl" />
    <FxCompile Include="EnvironmentMap.fx" />
  </ItemGroup>
  <ItemGroup>
    <ClInclude Include="GlowEffect.h" />
    <ClInclude Include="MotionBlurEffect.h" />
    <ClInclude Include="MultiTexturePresenter.h" />
    <ClInclude Include="resource.h" />
    <ClInclude Include="Water.h" />
    <ClInclude Include="NormalGenerator.h" />
    <ClInclude Include="Shoal.h" />
    <ClInclude Include="EnvironmentMap.h" />
    <ClInclude Include="TiledTextures.h" />
    <ClInclude Include="header.h" />
  </ItemGroup>
  <ItemGroup>
    <ClCompile Include="Aquarium.cpp" />
  </ItemGroup>
</Project>